// !$*UTF8*$!
{
	archiveVersion = 1;
	classes = {
	};
	objectVersion = 46;
	objects = {

/* Begin PBXBuildFile section */
		030091E919F0EF04000E5A3A /* HTTPWorker.swift in Sources */ = {isa = PBXBuildFile; fileRef = 030091E819F0EF04000E5A3A /* HTTPWorker.swift */; };
		030091EB19F0F1F8000E5A3A /* CheckedValue.swift in Sources */ = {isa = PBXBuildFile; fileRef = 030091EA19F0F1F8000E5A3A /* CheckedValue.swift */; };
		033DBD6F19F9B65300BE9AB7 /* Hysteresis.swift in Sources */ = {isa = PBXBuildFile; fileRef = 033DBD6E19F9B65300BE9AB7 /* Hysteresis.swift */; };
		033DBD7119F9CE7500BE9AB7 /* NetworkActivityIndicator.swift in Sources */ = {isa = PBXBuildFile; fileRef = 033DBD7019F9CE7500BE9AB7 /* NetworkActivityIndicator.swift */; };
		033DBD7C19FB65D500BE9AB7 /* Future.swift in Sources */ = {isa = PBXBuildFile; fileRef = 033DBD7B19FB65D500BE9AB7 /* Future.swift */; };
		035FE31E1990A65A00421433 /* String.swift in Sources */ = {isa = PBXBuildFile; fileRef = 0323D23A1944D1BA00B49FD3 /* String.swift */; };
		035FE31F1990A65A00421433 /* Regex.swift in Sources */ = {isa = PBXBuildFile; fileRef = 03D093141949857C0015313C /* Regex.swift */; };
		035FE3201990A65A00421433 /* Random.swift in Sources */ = {isa = PBXBuildFile; fileRef = 03EC33D31942A1DE0074BFFA /* Random.swift */; };
		035FE3211990A66000421433 /* Time.swift in Sources */ = {isa = PBXBuildFile; fileRef = 03EC33D51942AFBF0074BFFA /* Time.swift */; };
		035FE3221990A66000421433 /* Geometry.swift in Sources */ = {isa = PBXBuildFile; fileRef = 03EC33D71942B2030074BFFA /* Geometry.swift */; };
		035FE3241990A66E00421433 /* Image.swift in Sources */ = {isa = PBXBuildFile; fileRef = 0323D23E1944E23B00B49FD3 /* Image.swift */; };
		035FE3251990A66E00421433 /* Array.swift in Sources */ = {isa = PBXBuildFile; fileRef = 031063431945897800FDA79E /* Array.swift */; };
		035FE3261990A66E00421433 /* View.swift in Sources */ = {isa = PBXBuildFile; fileRef = 031063451945A0A000FDA79E /* View.swift */; };
		035FE3271990A67800421433 /* RectSetter.swift in Sources */ = {isa = PBXBuildFile; fileRef = 03D9CC5919470CD9006463F7 /* RectSetter.swift */; };
		035FE3281990A68A00421433 /* CGGeometry.swift in Sources */ = {isa = PBXBuildFile; fileRef = 03974CD21942BCC00021A1B9 /* CGGeometry.swift */; };
		035FE3291990A69300421433 /* Color.swift in Sources */ = {isa = PBXBuildFile; fileRef = 0323D23C1944E21200B49FD3 /* Color.swift */; };
		035FE32A1990A69300421433 /* CGColor.swift in Sources */ = {isa = PBXBuildFile; fileRef = 0323D26A19451A8800B49FD3 /* CGColor.swift */; };
		035FE32B1990A6A200421433 /* UserDefaults.swift in Sources */ = {isa = PBXBuildFile; fileRef = 03D9CC511946A9CB006463F7 /* UserDefaults.swift */; };
		035FE32C1990A6A700421433 /* Device.swift in Sources */ = {isa = PBXBuildFile; fileRef = 03D9CC571946C2F1006463F7 /* Device.swift */; };
		035FE32E1990A6BD00421433 /* Observer.swift in Sources */ = {isa = PBXBuildFile; fileRef = 03C4342E194AB9C900463B1F /* Observer.swift */; };
		035FE32F1990A6BD00421433 /* Runtime.swift in Sources */ = {isa = PBXBuildFile; fileRef = 03882014194865DC0078C2B3 /* Runtime.swift */; };
		035FE3301990A6BD00421433 /* Dispatch.swift in Sources */ = {isa = PBXBuildFile; fileRef = 03D09328194A6B720015313C /* Dispatch.swift */; };
		035FE3311990A6BD00421433 /* Worker.swift in Sources */ = {isa = PBXBuildFile; fileRef = 03EDC163194AA137008AAFFA /* Worker.swift */; };
		035FE3321990A6BD00421433 /* Serializer.swift in Sources */ = {isa = PBXBuildFile; fileRef = 03C4342B194AB3B200463B1F /* Serializer.swift */; };
		035FE3331990A6BD00421433 /* JSON.swift in Sources */ = {isa = PBXBuildFile; fileRef = 030DC475194BB7D0000A6325 /* JSON.swift */; };
		035FE3341990A6BD00421433 /* CGContext.swift in Sources */ = {isa = PBXBuildFile; fileRef = 035CD6D3194556D000640425 /* CGContext.swift */; };
		035FE3351990A6BD00421433 /* CGDrawing.swift in Sources */ = {isa = PBXBuildFile; fileRef = 035CD705194569ED00640425 /* CGDrawing.swift */; };
		035FE3361990A6BD00421433 /* SCNGeometry.swift in Sources */ = {isa = PBXBuildFile; fileRef = 0344ECEC19524C1600C40ACC /* SCNGeometry.swift */; };
		035FE3371990A6CF00421433 /* KVOObserver.swift in Sources */ = {isa = PBXBuildFile; fileRef = 03D9CC5B19470F03006463F7 /* KVOObserver.swift */; };
		03603F3E19F656A300CEE7B3 /* Error.swift in Sources */ = {isa = PBXBuildFile; fileRef = 03603F3D19F656A300CEE7B3 /* Error.swift */; };
		03603F4219F6F11B00CEE7B3 /* SystemConfiguration.framework in Frameworks */ = {isa = PBXBuildFile; fileRef = 03603F4119F6F11B00CEE7B3 /* SystemConfiguration.framework */; };
		03603F4419F6F12B00CEE7B3 /* QuartzCore.framework in Frameworks */ = {isa = PBXBuildFile; fileRef = 03603F4319F6F12B00CEE7B3 /* QuartzCore.framework */; };
		03603F4619F6F13400CEE7B3 /* Foundation.framework in Frameworks */ = {isa = PBXBuildFile; fileRef = 03603F4519F6F13400CEE7B3 /* Foundation.framework */; };
		03603F4819F6F13A00CEE7B3 /* UIKit.framework in Frameworks */ = {isa = PBXBuildFile; fileRef = 03603F4719F6F13A00CEE7B3 /* UIKit.framework */; };
		03603F5019F767CE00CEE7B3 /* Network.swift in Sources */ = {isa = PBXBuildFile; fileRef = 03603F4F19F767CE00CEE7B3 /* Network.swift */; };
		03603F5219F88ED700CEE7B3 /* Reachability.swift in Sources */ = {isa = PBXBuildFile; fileRef = 03603F5119F88ED600CEE7B3 /* Reachability.swift */; };
		0362FD031A07677E0041B29E /* Dataflow.swift in Sources */ = {isa = PBXBuildFile; fileRef = 0362FD021A07677E0041B29E /* Dataflow.swift */; };
		0362FD051A07CDC40041B29E /* Debug.swift in Sources */ = {isa = PBXBuildFile; fileRef = 0362FD041A07CDC40041B29E /* Debug.swift */; };
		0362FD0A1A08E3270041B29E /* Graph.swift in Sources */ = {isa = PBXBuildFile; fileRef = 0362FD091A08E3270041B29E /* Graph.swift */; };
		0362FD0C1A08E33C0041B29E /* Element.swift in Sources */ = {isa = PBXBuildFile; fileRef = 0362FD0B1A08E33C0041B29E /* Element.swift */; };
		0362FD0E1A08E3660041B29E /* Node.swift in Sources */ = {isa = PBXBuildFile; fileRef = 0362FD0D1A08E3660041B29E /* Node.swift */; };
		0362FD101A08E3810041B29E /* Edge.swift in Sources */ = {isa = PBXBuildFile; fileRef = 0362FD0F1A08E3810041B29E /* Edge.swift */; };
		0362FD121A08E8260041B29E /* GraphAlgorithm.swift in Sources */ = {isa = PBXBuildFile; fileRef = 0362FD111A08E8260041B29E /* GraphAlgorithm.swift */; };
		036A67A019A305F800CD98D0 /* RuntimeGlue.h in Headers */ = {isa = PBXBuildFile; fileRef = 036A679E19A305F800CD98D0 /* RuntimeGlue.h */; };
		036A67A119A305F800CD98D0 /* RuntimeGlue.m in Sources */ = {isa = PBXBuildFile; fileRef = 036A679F19A305F800CD98D0 /* RuntimeGlue.m */; };
		036A67A219A3060300CD98D0 /* DeviceGlue.h in Headers */ = {isa = PBXBuildFile; fileRef = 0349BA23197EB2B70030AB38 /* DeviceGlue.h */; };
		036A67A319A3060300CD98D0 /* SerializerGlue.h in Headers */ = {isa = PBXBuildFile; fileRef = 0349BA27197EB4660030AB38 /* SerializerGlue.h */; };
		036A67A419A3060300CD98D0 /* CGColorGlue.h in Headers */ = {isa = PBXBuildFile; fileRef = 0349BA1C197E9C720030AB38 /* CGColorGlue.h */; };
		036D8F7A1989BC6C003FCB35 /* DeviceGlue.m in Sources */ = {isa = PBXBuildFile; fileRef = 0349BA24197EB2B70030AB38 /* DeviceGlue.m */; };
		036D8F7B1989BC6C003FCB35 /* SerializerGlue.m in Sources */ = {isa = PBXBuildFile; fileRef = 0349BA28197EB4660030AB38 /* SerializerGlue.m */; };
		036D8F7C1989BC6C003FCB35 /* CGColorGlue.m in Sources */ = {isa = PBXBuildFile; fileRef = 0349BA1D197E9C720030AB38 /* CGColorGlue.m */; };
		036D8F7D1989BC74003FCB35 /* Math.swift in Sources */ = {isa = PBXBuildFile; fileRef = 03EC33D11942897F0074BFFA /* Math.swift */; };
		0375F83819F0981800783B1C /* WeakValue.swift in Sources */ = {isa = PBXBuildFile; fileRef = 0375F83719F0981800783B1C /* WeakValue.swift */; };
		0375F83C19F0AF4400783B1C /* Log.swift in Sources */ = {isa = PBXBuildFile; fileRef = 0375F83B19F0AF4400783B1C /* Log.swift */; };
		039FC42219922C5900C5211A /* CoreGraphics.framework in Frameworks */ = {isa = PBXBuildFile; fileRef = 039FC42119922C5900C5211A /* CoreGraphics.framework */; };
		039FC4241992E83400C5211A /* Angles.swift in Sources */ = {isa = PBXBuildFile; fileRef = 039FC4231992E83400C5211A /* Angles.swift */; };
		03A3D8B119A4006C002C67AF /* Autolayout.swift in Sources */ = {isa = PBXBuildFile; fileRef = 03A3D8B019A4006C002C67AF /* Autolayout.swift */; };
		03A61A4A199C42270090F57D /* BigNum.swift in Sources */ = {isa = PBXBuildFile; fileRef = 03A61A49199C42270090F57D /* BigNum.swift */; };
		03B106B619D0E76A004EB814 /* CalculatedValue.swift in Sources */ = {isa = PBXBuildFile; fileRef = 03B106B519D0E76A004EB814 /* CalculatedValue.swift */; };
		03D79CD119EF12B9002AFF01 /* Data.swift in Sources */ = {isa = PBXBuildFile; fileRef = 03D79CD019EF12B9002AFF01 /* Data.swift */; };
		03D79CD319EFA882002AFF01 /* Base64.swift in Sources */ = {isa = PBXBuildFile; fileRef = 03D79CD219EFA882002AFF01 /* Base64.swift */; };
		03D79CD519F04B76002AFF01 /* WorkerManager.swift in Sources */ = {isa = PBXBuildFile; fileRef = 03D79CD419F04B76002AFF01 /* WorkerManager.swift */; };
		03D79CD719F07071002AFF01 /* ObservableValue.swift in Sources */ = {isa = PBXBuildFile; fileRef = 03D79CD619F07071002AFF01 /* ObservableValue.swift */; };
		03D79CD919F07153002AFF01 /* Valuable.swift in Sources */ = {isa = PBXBuildFile; fileRef = 03D79CD819F07153002AFF01 /* Valuable.swift */; };
		03D79CDB19F08038002AFF01 /* Set.swift in Sources */ = {isa = PBXBuildFile; fileRef = 03D79CDA19F08038002AFF01 /* Set.swift */; };
/* End PBXBuildFile section */

/* Begin PBXFileReference section */
		030091E819F0EF04000E5A3A /* HTTPWorker.swift */ = {isa = PBXFileReference; fileEncoding = 4; lastKnownFileType = sourcecode.swift; path = HTTPWorker.swift; sourceTree = "<group>"; };
		030091EA19F0F1F8000E5A3A /* CheckedValue.swift */ = {isa = PBXFileReference; fileEncoding = 4; lastKnownFileType = sourcecode.swift; path = CheckedValue.swift; sourceTree = "<group>"; };
		030DC475194BB7D0000A6325 /* JSON.swift */ = {isa = PBXFileReference; fileEncoding = 4; lastKnownFileType = sourcecode.swift; path = JSON.swift; sourceTree = "<group>"; };
		031063431945897800FDA79E /* Array.swift */ = {isa = PBXFileReference; fileEncoding = 4; lastKnownFileType = sourcecode.swift; path = Array.swift; sourceTree = "<group>"; };
		031063451945A0A000FDA79E /* View.swift */ = {isa = PBXFileReference; fileEncoding = 4; lastKnownFileType = sourcecode.swift; path = View.swift; sourceTree = "<group>"; };
		0323D23A1944D1BA00B49FD3 /* String.swift */ = {isa = PBXFileReference; fileEncoding = 4; lastKnownFileType = sourcecode.swift; path = String.swift; sourceTree = "<group>"; };
		0323D23C1944E21200B49FD3 /* Color.swift */ = {isa = PBXFileReference; fileEncoding = 4; lastKnownFileType = sourcecode.swift; path = Color.swift; sourceTree = "<group>"; };
		0323D23E1944E23B00B49FD3 /* Image.swift */ = {isa = PBXFileReference; fileEncoding = 4; lastKnownFileType = sourcecode.swift; path = Image.swift; sourceTree = "<group>"; };
		0323D26A19451A8800B49FD3 /* CGColor.swift */ = {isa = PBXFileReference; fileEncoding = 4; lastKnownFileType = sourcecode.swift; path = CGColor.swift; sourceTree = "<group>"; };
		033DBD6E19F9B65300BE9AB7 /* Hysteresis.swift */ = {isa = PBXFileReference; fileEncoding = 4; lastKnownFileType = sourcecode.swift; path = Hysteresis.swift; sourceTree = "<group>"; };
		033DBD7019F9CE7500BE9AB7 /* NetworkActivityIndicator.swift */ = {isa = PBXFileReference; fileEncoding = 4; lastKnownFileType = sourcecode.swift; path = NetworkActivityIndicator.swift; sourceTree = "<group>"; };
		033DBD7B19FB65D500BE9AB7 /* Future.swift */ = {isa = PBXFileReference; fileEncoding = 4; lastKnownFileType = sourcecode.swift; path = Future.swift; sourceTree = "<group>"; };
		0344ECEC19524C1600C40ACC /* SCNGeometry.swift */ = {isa = PBXFileReference; fileEncoding = 4; lastKnownFileType = sourcecode.swift; path = SCNGeometry.swift; sourceTree = "<group>"; };
		0349BA1C197E9C720030AB38 /* CGColorGlue.h */ = {isa = PBXFileReference; fileEncoding = 4; lastKnownFileType = sourcecode.c.h; path = CGColorGlue.h; sourceTree = "<group>"; };
		0349BA1D197E9C720030AB38 /* CGColorGlue.m */ = {isa = PBXFileReference; fileEncoding = 4; lastKnownFileType = sourcecode.c.objc; path = CGColorGlue.m; sourceTree = "<group>"; };
		0349BA23197EB2B70030AB38 /* DeviceGlue.h */ = {isa = PBXFileReference; fileEncoding = 4; lastKnownFileType = sourcecode.c.h; path = DeviceGlue.h; sourceTree = "<group>"; };
		0349BA24197EB2B70030AB38 /* DeviceGlue.m */ = {isa = PBXFileReference; fileEncoding = 4; lastKnownFileType = sourcecode.c.objc; path = DeviceGlue.m; sourceTree = "<group>"; };
		0349BA27197EB4660030AB38 /* SerializerGlue.h */ = {isa = PBXFileReference; fileEncoding = 4; lastKnownFileType = sourcecode.c.h; path = SerializerGlue.h; sourceTree = "<group>"; };
		0349BA28197EB4660030AB38 /* SerializerGlue.m */ = {isa = PBXFileReference; fileEncoding = 4; lastKnownFileType = sourcecode.c.objc; path = SerializerGlue.m; sourceTree = "<group>"; };
		035CD6D3194556D000640425 /* CGContext.swift */ = {isa = PBXFileReference; fileEncoding = 4; lastKnownFileType = sourcecode.swift; path = CGContext.swift; sourceTree = "<group>"; };
		035CD705194569ED00640425 /* CGDrawing.swift */ = {isa = PBXFileReference; fileEncoding = 4; lastKnownFileType = sourcecode.swift; path = CGDrawing.swift; sourceTree = "<group>"; };
		03603F3D19F656A300CEE7B3 /* Error.swift */ = {isa = PBXFileReference; fileEncoding = 4; lastKnownFileType = sourcecode.swift; path = Error.swift; sourceTree = "<group>"; };
		03603F4119F6F11B00CEE7B3 /* SystemConfiguration.framework */ = {isa = PBXFileReference; lastKnownFileType = wrapper.framework; name = SystemConfiguration.framework; path = System/Library/Frameworks/SystemConfiguration.framework; sourceTree = SDKROOT; };
		03603F4319F6F12B00CEE7B3 /* QuartzCore.framework */ = {isa = PBXFileReference; lastKnownFileType = wrapper.framework; name = QuartzCore.framework; path = System/Library/Frameworks/QuartzCore.framework; sourceTree = SDKROOT; };
		03603F4519F6F13400CEE7B3 /* Foundation.framework */ = {isa = PBXFileReference; lastKnownFileType = wrapper.framework; name = Foundation.framework; path = System/Library/Frameworks/Foundation.framework; sourceTree = SDKROOT; };
		03603F4719F6F13A00CEE7B3 /* UIKit.framework */ = {isa = PBXFileReference; lastKnownFileType = wrapper.framework; name = UIKit.framework; path = System/Library/Frameworks/UIKit.framework; sourceTree = SDKROOT; };
		03603F4F19F767CE00CEE7B3 /* Network.swift */ = {isa = PBXFileReference; fileEncoding = 4; lastKnownFileType = sourcecode.swift; path = Network.swift; sourceTree = "<group>"; };
		03603F5119F88ED600CEE7B3 /* Reachability.swift */ = {isa = PBXFileReference; fileEncoding = 4; lastKnownFileType = sourcecode.swift; name = Reachability.swift; path = deps/Reachability/Reachability.swift; sourceTree = SOURCE_ROOT; };
		0362FD021A07677E0041B29E /* Dataflow.swift */ = {isa = PBXFileReference; fileEncoding = 4; lastKnownFileType = sourcecode.swift; path = Dataflow.swift; sourceTree = "<group>"; };
		0362FD041A07CDC40041B29E /* Debug.swift */ = {isa = PBXFileReference; fileEncoding = 4; lastKnownFileType = sourcecode.swift; path = Debug.swift; sourceTree = "<group>"; };
		0362FD091A08E3270041B29E /* Graph.swift */ = {isa = PBXFileReference; fileEncoding = 4; lastKnownFileType = sourcecode.swift; path = Graph.swift; sourceTree = "<group>"; };
		0362FD0B1A08E33C0041B29E /* Element.swift */ = {isa = PBXFileReference; fileEncoding = 4; lastKnownFileType = sourcecode.swift; path = Element.swift; sourceTree = "<group>"; };
		0362FD0D1A08E3660041B29E /* Node.swift */ = {isa = PBXFileReference; fileEncoding = 4; lastKnownFileType = sourcecode.swift; path = Node.swift; sourceTree = "<group>"; };
		0362FD0F1A08E3810041B29E /* Edge.swift */ = {isa = PBXFileReference; fileEncoding = 4; lastKnownFileType = sourcecode.swift; path = Edge.swift; sourceTree = "<group>"; };
		0362FD111A08E8260041B29E /* GraphAlgorithm.swift */ = {isa = PBXFileReference; fileEncoding = 4; lastKnownFileType = sourcecode.swift; path = GraphAlgorithm.swift; sourceTree = "<group>"; };
		036A679E19A305F800CD98D0 /* RuntimeGlue.h */ = {isa = PBXFileReference; fileEncoding = 4; lastKnownFileType = sourcecode.c.h; path = RuntimeGlue.h; sourceTree = "<group>"; };
		036A679F19A305F800CD98D0 /* RuntimeGlue.m */ = {isa = PBXFileReference; fileEncoding = 4; lastKnownFileType = sourcecode.c.objc; path = RuntimeGlue.m; sourceTree = "<group>"; };
		036D8EF61989AE99003FCB35 /* Arciem-Bridging-Header.h */ = {isa = PBXFileReference; lastKnownFileType = sourcecode.c.h; path = "Arciem-Bridging-Header.h"; sourceTree = "<group>"; };
		036D8F041989AE99003FCB35 /* Info.plist */ = {isa = PBXFileReference; lastKnownFileType = text.plist.xml; path = Info.plist; sourceTree = "<group>"; };
		036D8F5D1989BA70003FCB35 /* Arciem.framework */ = {isa = PBXFileReference; explicitFileType = wrapper.framework; includeInIndex = 0; path = Arciem.framework; sourceTree = BUILT_PRODUCTS_DIR; };
		0375F83719F0981800783B1C /* WeakValue.swift */ = {isa = PBXFileReference; fileEncoding = 4; lastKnownFileType = sourcecode.swift; path = WeakValue.swift; sourceTree = "<group>"; };
		0375F83B19F0AF4400783B1C /* Log.swift */ = {isa = PBXFileReference; fileEncoding = 4; lastKnownFileType = sourcecode.swift; path = Log.swift; sourceTree = "<group>"; };
		03882014194865DC0078C2B3 /* Runtime.swift */ = {isa = PBXFileReference; fileEncoding = 4; lastKnownFileType = sourcecode.swift; path = Runtime.swift; sourceTree = "<group>"; };
		03974CD21942BCC00021A1B9 /* CGGeometry.swift */ = {isa = PBXFileReference; fileEncoding = 4; lastKnownFileType = sourcecode.swift; path = CGGeometry.swift; sourceTree = "<group>"; };
		039FC42119922C5900C5211A /* CoreGraphics.framework */ = {isa = PBXFileReference; lastKnownFileType = wrapper.framework; name = CoreGraphics.framework; path = System/Library/Frameworks/CoreGraphics.framework; sourceTree = SDKROOT; };
		039FC4231992E83400C5211A /* Angles.swift */ = {isa = PBXFileReference; fileEncoding = 4; lastKnownFileType = sourcecode.swift; path = Angles.swift; sourceTree = "<group>"; };
		03A3D8B019A4006C002C67AF /* Autolayout.swift */ = {isa = PBXFileReference; fileEncoding = 4; lastKnownFileType = sourcecode.swift; path = Autolayout.swift; sourceTree = "<group>"; };
		03A61A49199C42270090F57D /* BigNum.swift */ = {isa = PBXFileReference; fileEncoding = 4; lastKnownFileType = sourcecode.swift; path = BigNum.swift; sourceTree = "<group>"; };
		03B106B519D0E76A004EB814 /* CalculatedValue.swift */ = {isa = PBXFileReference; fileEncoding = 4; lastKnownFileType = sourcecode.swift; path = CalculatedValue.swift; sourceTree = "<group>"; };
		03C4342B194AB3B200463B1F /* Serializer.swift */ = {isa = PBXFileReference; fileEncoding = 4; lastKnownFileType = sourcecode.swift; path = Serializer.swift; sourceTree = "<group>"; };
		03C4342E194AB9C900463B1F /* Observer.swift */ = {isa = PBXFileReference; fileEncoding = 4; lastKnownFileType = sourcecode.swift; path = Observer.swift; sourceTree = "<group>"; };
		03D093141949857C0015313C /* Regex.swift */ = {isa = PBXFileReference; fileEncoding = 4; lastKnownFileType = sourcecode.swift; path = Regex.swift; sourceTree = "<group>"; };
		03D09328194A6B720015313C /* Dispatch.swift */ = {isa = PBXFileReference; fileEncoding = 4; lastKnownFileType = sourcecode.swift; path = Dispatch.swift; sourceTree = "<group>"; };
		03D79CD019EF12B9002AFF01 /* Data.swift */ = {isa = PBXFileReference; fileEncoding = 4; lastKnownFileType = sourcecode.swift; path = Data.swift; sourceTree = "<group>"; };
		03D79CD219EFA882002AFF01 /* Base64.swift */ = {isa = PBXFileReference; fileEncoding = 4; lastKnownFileType = sourcecode.swift; path = Base64.swift; sourceTree = "<group>"; };
		03D79CD419F04B76002AFF01 /* WorkerManager.swift */ = {isa = PBXFileReference; fileEncoding = 4; lastKnownFileType = sourcecode.swift; path = WorkerManager.swift; sourceTree = "<group>"; };
		03D79CD619F07071002AFF01 /* ObservableValue.swift */ = {isa = PBXFileReference; fileEncoding = 4; lastKnownFileType = sourcecode.swift; path = ObservableValue.swift; sourceTree = "<group>"; };
		03D79CD819F07153002AFF01 /* Valuable.swift */ = {isa = PBXFileReference; fileEncoding = 4; lastKnownFileType = sourcecode.swift; path = Valuable.swift; sourceTree = "<group>"; };
		03D79CDA19F08038002AFF01 /* Set.swift */ = {isa = PBXFileReference; fileEncoding = 4; lastKnownFileType = sourcecode.swift; path = Set.swift; sourceTree = "<group>"; };
		03D9CC511946A9CB006463F7 /* UserDefaults.swift */ = {isa = PBXFileReference; fileEncoding = 4; lastKnownFileType = sourcecode.swift; path = UserDefaults.swift; sourceTree = "<group>"; };
		03D9CC571946C2F1006463F7 /* Device.swift */ = {isa = PBXFileReference; fileEncoding = 4; lastKnownFileType = sourcecode.swift; path = Device.swift; sourceTree = "<group>"; };
		03D9CC5919470CD9006463F7 /* RectSetter.swift */ = {isa = PBXFileReference; fileEncoding = 4; lastKnownFileType = sourcecode.swift; path = RectSetter.swift; sourceTree = "<group>"; };
		03D9CC5B19470F03006463F7 /* KVOObserver.swift */ = {isa = PBXFileReference; fileEncoding = 4; lastKnownFileType = sourcecode.swift; path = KVOObserver.swift; sourceTree = "<group>"; };
		03EC33B9194289200074BFFA /* Info.plist */ = {isa = PBXFileReference; lastKnownFileType = text.plist.xml; path = Info.plist; sourceTree = "<group>"; };
		03EC33D11942897F0074BFFA /* Math.swift */ = {isa = PBXFileReference; fileEncoding = 4; lastKnownFileType = sourcecode.swift; path = Math.swift; sourceTree = "<group>"; };
		03EC33D31942A1DE0074BFFA /* Random.swift */ = {isa = PBXFileReference; fileEncoding = 4; lastKnownFileType = sourcecode.swift; path = Random.swift; sourceTree = "<group>"; };
		03EC33D51942AFBF0074BFFA /* Time.swift */ = {isa = PBXFileReference; fileEncoding = 4; lastKnownFileType = sourcecode.swift; path = Time.swift; sourceTree = "<group>"; };
		03EC33D71942B2030074BFFA /* Geometry.swift */ = {isa = PBXFileReference; fileEncoding = 4; lastKnownFileType = sourcecode.swift; path = Geometry.swift; sourceTree = "<group>"; };
		03EDC163194AA137008AAFFA /* Worker.swift */ = {isa = PBXFileReference; fileEncoding = 4; lastKnownFileType = sourcecode.swift; path = Worker.swift; sourceTree = "<group>"; };
/* End PBXFileReference section */

/* Begin PBXFrameworksBuildPhase section */
		036D8F591989BA70003FCB35 /* Frameworks */ = {
			isa = PBXFrameworksBuildPhase;
			buildActionMask = 2147483647;
			files = (
				03603F4819F6F13A00CEE7B3 /* UIKit.framework in Frameworks */,
				03603F4619F6F13400CEE7B3 /* Foundation.framework in Frameworks */,
				03603F4419F6F12B00CEE7B3 /* QuartzCore.framework in Frameworks */,
				03603F4219F6F11B00CEE7B3 /* SystemConfiguration.framework in Frameworks */,
				039FC42219922C5900C5211A /* CoreGraphics.framework in Frameworks */,
			);
			runOnlyForDeploymentPostprocessing = 0;
		};
/* End PBXFrameworksBuildPhase section */

/* Begin PBXGroup section */
		0362FD081A08E3270041B29E /* Graph */ = {
			isa = PBXGroup;
			children = (
				0362FD0F1A08E3810041B29E /* Edge.swift */,
				0362FD111A08E8260041B29E /* GraphAlgorithm.swift */,
				0362FD0B1A08E33C0041B29E /* Element.swift */,
				0362FD091A08E3270041B29E /* Graph.swift */,
				0362FD0D1A08E3660041B29E /* Node.swift */,
			);
			path = Graph;
			sourceTree = "<group>";
		};
		036D8F021989AE99003FCB35 /* ArciemTests */ = {
			isa = PBXGroup;
			children = (
				036D8F031989AE99003FCB35 /* Supporting Files */,
			);
			path = ArciemTests;
			sourceTree = "<group>";
		};
		036D8F031989AE99003FCB35 /* Supporting Files */ = {
			isa = PBXGroup;
			children = (
				036D8F041989AE99003FCB35 /* Info.plist */,
			);
			name = "Supporting Files";
			sourceTree = "<group>";
		};
		036D8F561989B0FD003FCB35 /* Frameworks */ = {
			isa = PBXGroup;
			children = (
				03603F4719F6F13A00CEE7B3 /* UIKit.framework */,
				03603F4519F6F13400CEE7B3 /* Foundation.framework */,
				03603F4319F6F12B00CEE7B3 /* QuartzCore.framework */,
				03603F4119F6F11B00CEE7B3 /* SystemConfiguration.framework */,
				039FC42119922C5900C5211A /* CoreGraphics.framework */,
			);
			name = Frameworks;
			sourceTree = "<group>";
		};
		036D8F571989B645003FCB35 /* Glue */ = {
			isa = PBXGroup;
			children = (
				0349BA23197EB2B70030AB38 /* DeviceGlue.h */,
				0349BA24197EB2B70030AB38 /* DeviceGlue.m */,
				0349BA27197EB4660030AB38 /* SerializerGlue.h */,
				0349BA28197EB4660030AB38 /* SerializerGlue.m */,
				0349BA1C197E9C720030AB38 /* CGColorGlue.h */,
				0349BA1D197E9C720030AB38 /* CGColorGlue.m */,
				036A679E19A305F800CD98D0 /* RuntimeGlue.h */,
				036A679F19A305F800CD98D0 /* RuntimeGlue.m */,
			);
			name = Glue;
			sourceTree = "<group>";
		};
		03EC33AB194289200074BFFA = {
			isa = PBXGroup;
			children = (
				03EC33B7194289200074BFFA /* Arciem */,
				036D8F561989B0FD003FCB35 /* Frameworks */,
				036D8F021989AE99003FCB35 /* ArciemTests */,
				03EC33B6194289200074BFFA /* Products */,
			);
			sourceTree = "<group>";
		};
		03EC33B6194289200074BFFA /* Products */ = {
			isa = PBXGroup;
			children = (
				036D8F5D1989BA70003FCB35 /* Arciem.framework */,
			);
			name = Products;
			sourceTree = "<group>";
		};
		03EC33B7194289200074BFFA /* Arciem */ = {
			isa = PBXGroup;
			children = (
				036D8EF61989AE99003FCB35 /* Arciem-Bridging-Header.h */,
				036D8F571989B645003FCB35 /* Glue */,
				039FC4231992E83400C5211A /* Angles.swift */,
				031063431945897800FDA79E /* Array.swift */,
				03A3D8B019A4006C002C67AF /* Autolayout.swift */,
				03D79CD219EFA882002AFF01 /* Base64.swift */,
				03A61A49199C42270090F57D /* BigNum.swift */,
				03B106B519D0E76A004EB814 /* CalculatedValue.swift */,
				0323D26A19451A8800B49FD3 /* CGColor.swift */,
				035CD6D3194556D000640425 /* CGContext.swift */,
				035CD705194569ED00640425 /* CGDrawing.swift */,
				03974CD21942BCC00021A1B9 /* CGGeometry.swift */,
				030091EA19F0F1F8000E5A3A /* CheckedValue.swift */,
				0323D23C1944E21200B49FD3 /* Color.swift */,
				03D79CD019EF12B9002AFF01 /* Data.swift */,
				0362FD021A07677E0041B29E /* Dataflow.swift */,
				0362FD041A07CDC40041B29E /* Debug.swift */,
				03D9CC571946C2F1006463F7 /* Device.swift */,
				03D09328194A6B720015313C /* Dispatch.swift */,
				03603F3D19F656A300CEE7B3 /* Error.swift */,
				033DBD7B19FB65D500BE9AB7 /* Future.swift */,
				03EC33D71942B2030074BFFA /* Geometry.swift */,
				0362FD081A08E3270041B29E /* Graph */,
				030091E819F0EF04000E5A3A /* HTTPWorker.swift */,
				033DBD6E19F9B65300BE9AB7 /* Hysteresis.swift */,
				0323D23E1944E23B00B49FD3 /* Image.swift */,
				030DC475194BB7D0000A6325 /* JSON.swift */,
				03D9CC5B19470F03006463F7 /* KVOObserver.swift */,
				0375F83B19F0AF4400783B1C /* Log.swift */,
				03EC33D11942897F0074BFFA /* Math.swift */,
				03603F4F19F767CE00CEE7B3 /* Network.swift */,
				033DBD7019F9CE7500BE9AB7 /* NetworkActivityIndicator.swift */,
				03D79CD619F07071002AFF01 /* ObservableValue.swift */,
				03C4342E194AB9C900463B1F /* Observer.swift */,
				03EC33D31942A1DE0074BFFA /* Random.swift */,
				03603F5119F88ED600CEE7B3 /* Reachability.swift */,
				03D9CC5919470CD9006463F7 /* RectSetter.swift */,
				03D093141949857C0015313C /* Regex.swift */,
				03882014194865DC0078C2B3 /* Runtime.swift */,
				0344ECEC19524C1600C40ACC /* SCNGeometry.swift */,
				03C4342B194AB3B200463B1F /* Serializer.swift */,
				03D79CDA19F08038002AFF01 /* Set.swift */,
				0323D23A1944D1BA00B49FD3 /* String.swift */,
				03EC33D51942AFBF0074BFFA /* Time.swift */,
				03D9CC511946A9CB006463F7 /* UserDefaults.swift */,
				03D79CD819F07153002AFF01 /* Valuable.swift */,
				031063451945A0A000FDA79E /* View.swift */,
				0375F83719F0981800783B1C /* WeakValue.swift */,
				03EDC163194AA137008AAFFA /* Worker.swift */,
				03D79CD419F04B76002AFF01 /* WorkerManager.swift */,
				03EC33B8194289200074BFFA /* Supporting Files */,
			);
			path = Arciem;
			sourceTree = "<group>";
		};
		03EC33B8194289200074BFFA /* Supporting Files */ = {
			isa = PBXGroup;
			children = (
				03EC33B9194289200074BFFA /* Info.plist */,
			);
			name = "Supporting Files";
			sourceTree = "<group>";
		};
/* End PBXGroup section */

/* Begin PBXHeadersBuildPhase section */
		036D8F5A1989BA70003FCB35 /* Headers */ = {
			isa = PBXHeadersBuildPhase;
			buildActionMask = 2147483647;
			files = (
				036A67A019A305F800CD98D0 /* RuntimeGlue.h in Headers */,
				036A67A419A3060300CD98D0 /* CGColorGlue.h in Headers */,
				036A67A319A3060300CD98D0 /* SerializerGlue.h in Headers */,
				036A67A219A3060300CD98D0 /* DeviceGlue.h in Headers */,
			);
			runOnlyForDeploymentPostprocessing = 0;
		};
/* End PBXHeadersBuildPhase section */

/* Begin PBXNativeTarget section */
		036D8F5C1989BA70003FCB35 /* Arciem */ = {
			isa = PBXNativeTarget;
			buildConfigurationList = 036D8F701989BA71003FCB35 /* Build configuration list for PBXNativeTarget "Arciem" */;
			buildPhases = (
				036D8F581989BA70003FCB35 /* Sources */,
				036D8F591989BA70003FCB35 /* Frameworks */,
				036D8F5A1989BA70003FCB35 /* Headers */,
				036D8F5B1989BA70003FCB35 /* Resources */,
			);
			buildRules = (
			);
			dependencies = (
			);
			name = Arciem;
			productName = Arciem;
			productReference = 036D8F5D1989BA70003FCB35 /* Arciem.framework */;
			productType = "com.apple.product-type.framework";
		};
/* End PBXNativeTarget section */

/* Begin PBXProject section */
		03EC33AC194289200074BFFA /* Project object */ = {
			isa = PBXProject;
			attributes = {
				LastUpgradeCheck = 0600;
				ORGANIZATIONNAME = "Arciem LLC";
				TargetAttributes = {
					036D8F5C1989BA70003FCB35 = {
						CreatedOnToolsVersion = 6.0;
					};
				};
			};
			buildConfigurationList = 03EC33AF194289200074BFFA /* Build configuration list for PBXProject "Arciem" */;
			compatibilityVersion = "Xcode 3.2";
			developmentRegion = English;
			hasScannedForEncodings = 0;
			knownRegions = (
				en,
			);
			mainGroup = 03EC33AB194289200074BFFA;
			productRefGroup = 03EC33B6194289200074BFFA /* Products */;
			projectDirPath = "";
			projectRoot = "";
			targets = (
				036D8F5C1989BA70003FCB35 /* Arciem */,
			);
		};
/* End PBXProject section */

/* Begin PBXResourcesBuildPhase section */
		036D8F5B1989BA70003FCB35 /* Resources */ = {
			isa = PBXResourcesBuildPhase;
			buildActionMask = 2147483647;
			files = (
			);
			runOnlyForDeploymentPostprocessing = 0;
		};
/* End PBXResourcesBuildPhase section */

/* Begin PBXSourcesBuildPhase section */
		036D8F581989BA70003FCB35 /* Sources */ = {
			isa = PBXSourcesBuildPhase;
			buildActionMask = 2147483647;
			files = (
				03B106B619D0E76A004EB814 /* CalculatedValue.swift in Sources */,
				035FE3371990A6CF00421433 /* KVOObserver.swift in Sources */,
				03D79CDB19F08038002AFF01 /* Set.swift in Sources */,
				036D8F7C1989BC6C003FCB35 /* CGColorGlue.m in Sources */,
				03A3D8B119A4006C002C67AF /* Autolayout.swift in Sources */,
				035FE3321990A6BD00421433 /* Serializer.swift in Sources */,
				0362FD121A08E8260041B29E /* GraphAlgorithm.swift in Sources */,
				035FE32A1990A69300421433 /* CGColor.swift in Sources */,
				036D8F7B1989BC6C003FCB35 /* SerializerGlue.m in Sources */,
				03D79CD919F07153002AFF01 /* Valuable.swift in Sources */,
				035FE32C1990A6A700421433 /* Device.swift in Sources */,
				035FE32F1990A6BD00421433 /* Runtime.swift in Sources */,
				03A61A4A199C42270090F57D /* BigNum.swift in Sources */,
				039FC4241992E83400C5211A /* Angles.swift in Sources */,
				033DBD7119F9CE7500BE9AB7 /* NetworkActivityIndicator.swift in Sources */,
				03D79CD519F04B76002AFF01 /* WorkerManager.swift in Sources */,
				035FE31E1990A65A00421433 /* String.swift in Sources */,
				0362FD051A07CDC40041B29E /* Debug.swift in Sources */,
				0375F83819F0981800783B1C /* WeakValue.swift in Sources */,
				036A67A119A305F800CD98D0 /* RuntimeGlue.m in Sources */,
				03D79CD119EF12B9002AFF01 /* Data.swift in Sources */,
				030091EB19F0F1F8000E5A3A /* CheckedValue.swift in Sources */,
				0362FD0E1A08E3660041B29E /* Node.swift in Sources */,
				035FE3301990A6BD00421433 /* Dispatch.swift in Sources */,
				036D8F7A1989BC6C003FCB35 /* DeviceGlue.m in Sources */,
				035FE32B1990A6A200421433 /* UserDefaults.swift in Sources */,
				03603F5019F767CE00CEE7B3 /* Network.swift in Sources */,
				035FE3361990A6BD00421433 /* SCNGeometry.swift in Sources */,
				0375F83C19F0AF4400783B1C /* Log.swift in Sources */,
				030091E919F0EF04000E5A3A /* HTTPWorker.swift in Sources */,
				035FE3351990A6BD00421433 /* CGDrawing.swift in Sources */,
				035FE3311990A6BD00421433 /* Worker.swift in Sources */,
				0362FD031A07677E0041B29E /* Dataflow.swift in Sources */,
				0362FD0A1A08E3270041B29E /* Graph.swift in Sources */,
				0362FD101A08E3810041B29E /* Edge.swift in Sources */,
				035FE3211990A66000421433 /* Time.swift in Sources */,
				033DBD6F19F9B65300BE9AB7 /* Hysteresis.swift in Sources */,
				035FE3281990A68A00421433 /* CGGeometry.swift in Sources */,
				035FE3341990A6BD00421433 /* CGContext.swift in Sources */,
				0362FD0C1A08E33C0041B29E /* Element.swift in Sources */,
				03D79CD319EFA882002AFF01 /* Base64.swift in Sources */,
				035FE32E1990A6BD00421433 /* Observer.swift in Sources */,
				036D8F7D1989BC74003FCB35 /* Math.swift in Sources */,
				035FE3331990A6BD00421433 /* JSON.swift in Sources */,
				035FE3251990A66E00421433 /* Array.swift in Sources */,
				035FE3291990A69300421433 /* Color.swift in Sources */,
				03603F3E19F656A300CEE7B3 /* Error.swift in Sources */,
				03603F5219F88ED700CEE7B3 /* Reachability.swift in Sources */,
				035FE31F1990A65A00421433 /* Regex.swift in Sources */,
				035FE3261990A66E00421433 /* View.swift in Sources */,
				033DBD7C19FB65D500BE9AB7 /* Future.swift in Sources */,
				035FE3221990A66000421433 /* Geometry.swift in Sources */,
				03D79CD719F07071002AFF01 /* ObservableValue.swift in Sources */,
				035FE3201990A65A00421433 /* Random.swift in Sources */,
				035FE3271990A67800421433 /* RectSetter.swift in Sources */,
				035FE3241990A66E00421433 /* Image.swift in Sources */,
			);
			runOnlyForDeploymentPostprocessing = 0;
		};
/* End PBXSourcesBuildPhase section */

/* Begin XCBuildConfiguration section */
		036D8F711989BA71003FCB35 /* Debug */ = {
			isa = XCBuildConfiguration;
			buildSettings = {
				"CODE_SIGN_IDENTITY[sdk=iphoneos*]" = "iPhone Developer";
				DEFINES_MODULE = YES;
				DYLIB_COMPATIBILITY_VERSION = 1;
				DYLIB_CURRENT_VERSION = 1;
				DYLIB_INSTALL_NAME_BASE = "@rpath";
				GCC_OPTIMIZATION_LEVEL = 0;
				GCC_PREPROCESSOR_DEFINITIONS = (
					"DEBUG=1",
					"$(inherited)",
				);
				INFOPLIST_FILE = Arciem/Info.plist;
				INSTALL_PATH = "$(LOCAL_LIBRARY_DIR)/Frameworks";
				IPHONEOS_DEPLOYMENT_TARGET = 8.0;
				LD_RUNPATH_SEARCH_PATHS = "$(inherited) @executable_path/Frameworks @loader_path/Frameworks";
				PRODUCT_NAME = "$(TARGET_NAME)";
				SKIP_INSTALL = YES;
				SWIFT_OBJC_BRIDGING_HEADER = "Arciem/Arciem-Bridging-Header.h";
				SWIFT_OPTIMIZATION_LEVEL = "-Onone";
			};
			name = Debug;
		};
		036D8F721989BA71003FCB35 /* Release */ = {
			isa = XCBuildConfiguration;
			buildSettings = {
				"CODE_SIGN_IDENTITY[sdk=iphoneos*]" = "iPhone Developer";
				DEFINES_MODULE = YES;
				DYLIB_COMPATIBILITY_VERSION = 1;
				DYLIB_CURRENT_VERSION = 1;
				DYLIB_INSTALL_NAME_BASE = "@rpath";
				INFOPLIST_FILE = Arciem/Info.plist;
				INSTALL_PATH = "$(LOCAL_LIBRARY_DIR)/Frameworks";
				IPHONEOS_DEPLOYMENT_TARGET = 8.0;
				LD_RUNPATH_SEARCH_PATHS = "$(inherited) @executable_path/Frameworks @loader_path/Frameworks";
				PRODUCT_NAME = "$(TARGET_NAME)";
				SKIP_INSTALL = YES;
				SWIFT_OBJC_BRIDGING_HEADER = "Arciem/Arciem-Bridging-Header.h";
			};
			name = Release;
		};
		03EC33C9194289200074BFFA /* Debug */ = {
			isa = XCBuildConfiguration;
			buildSettings = {
				ALWAYS_SEARCH_USER_PATHS = NO;
				CLANG_CXX_LANGUAGE_STANDARD = "gnu++0x";
				CLANG_CXX_LIBRARY = "libc++";
				CLANG_ENABLE_MODULES = YES;
				CLANG_ENABLE_OBJC_ARC = YES;
				CLANG_WARN_BOOL_CONVERSION = YES;
				CLANG_WARN_CONSTANT_CONVERSION = YES;
				CLANG_WARN_DIRECT_OBJC_ISA_USAGE = YES_ERROR;
				CLANG_WARN_EMPTY_BODY = YES;
				CLANG_WARN_ENUM_CONVERSION = YES;
				CLANG_WARN_INT_CONVERSION = YES;
				CLANG_WARN_OBJC_ROOT_CLASS = YES_ERROR;
				CLANG_WARN_UNREACHABLE_CODE = YES;
				CLANG_WARN__DUPLICATE_METHOD_MATCH = YES;
				COPY_PHASE_STRIP = NO;
				CURRENT_PROJECT_VERSION = 1;
				DEFINES_MODULE = YES;
				ENABLE_STRICT_OBJC_MSGSEND = YES;
				GCC_C_LANGUAGE_STANDARD = gnu99;
				GCC_DYNAMIC_NO_PIC = NO;
				GCC_OPTIMIZATION_LEVEL = 0;
				GCC_SYMBOLS_PRIVATE_EXTERN = NO;
				GCC_WARN_64_TO_32_BIT_CONVERSION = YES;
				GCC_WARN_ABOUT_RETURN_TYPE = YES_ERROR;
				GCC_WARN_UNDECLARED_SELECTOR = YES;
				GCC_WARN_UNINITIALIZED_AUTOS = YES_AGGRESSIVE;
				GCC_WARN_UNUSED_FUNCTION = YES;
				GCC_WARN_UNUSED_VARIABLE = YES;
				IPHONEOS_DEPLOYMENT_TARGET = 8.0;
				ONLY_ACTIVE_ARCH = YES;
				SDKROOT = iphoneos;
				TARGETED_DEVICE_FAMILY = "1,2";
				VERSIONING_SYSTEM = "apple-generic";
				VERSION_INFO_PREFIX = "";
			};
			name = Debug;
		};
		03EC33CA194289200074BFFA /* Release */ = {
			isa = XCBuildConfiguration;
			buildSettings = {
				ALWAYS_SEARCH_USER_PATHS = NO;
				CLANG_CXX_LANGUAGE_STANDARD = "gnu++0x";
				CLANG_CXX_LIBRARY = "libc++";
				CLANG_ENABLE_MODULES = YES;
				CLANG_ENABLE_OBJC_ARC = YES;
				CLANG_WARN_BOOL_CONVERSION = YES;
				CLANG_WARN_CONSTANT_CONVERSION = YES;
				CLANG_WARN_DIRECT_OBJC_ISA_USAGE = YES_ERROR;
				CLANG_WARN_EMPTY_BODY = YES;
				CLANG_WARN_ENUM_CONVERSION = YES;
				CLANG_WARN_INT_CONVERSION = YES;
				CLANG_WARN_OBJC_ROOT_CLASS = YES_ERROR;
				CLANG_WARN_UNREACHABLE_CODE = YES;
				CLANG_WARN__DUPLICATE_METHOD_MATCH = YES;
				COPY_PHASE_STRIP = YES;
				CURRENT_PROJECT_VERSION = 1;
				DEFINES_MODULE = YES;
				ENABLE_NS_ASSERTIONS = NO;
				ENABLE_STRICT_OBJC_MSGSEND = YES;
				GCC_C_LANGUAGE_STANDARD = gnu99;
				GCC_WARN_64_TO_32_BIT_CONVERSION = YES;
				GCC_WARN_ABOUT_RETURN_TYPE = YES_ERROR;
				GCC_WARN_UNDECLARED_SELECTOR = YES;
				GCC_WARN_UNINITIALIZED_AUTOS = YES_AGGRESSIVE;
				GCC_WARN_UNUSED_FUNCTION = YES;
				GCC_WARN_UNUSED_VARIABLE = YES;
				IPHONEOS_DEPLOYMENT_TARGET = 8.0;
				SDKROOT = iphoneos;
				TARGETED_DEVICE_FAMILY = "1,2";
				VALIDATE_PRODUCT = YES;
				VERSIONING_SYSTEM = "apple-generic";
				VERSION_INFO_PREFIX = "";
			};
			name = Release;
		};
/* End XCBuildConfiguration section */

/* Begin XCConfigurationList section */
		036D8F701989BA71003FCB35 /* Build configuration list for PBXNativeTarget "Arciem" */ = {
			isa = XCConfigurationList;
			buildConfigurations = (
				036D8F711989BA71003FCB35 /* Debug */,
				036D8F721989BA71003FCB35 /* Release */,
			);
			defaultConfigurationIsVisible = 0;
			defaultConfigurationName = Release;
		};
		03EC33AF194289200074BFFA /* Build configuration list for PBXProject "Arciem" */ = {
			isa = XCConfigurationList;
			buildConfigurations = (
				03EC33C9194289200074BFFA /* Debug */,
				03EC33CA194289200074BFFA /* Release */,
			);
			defaultConfigurationIsVisible = 0;
			defaultConfigurationName = Release;
		};
/* End XCConfigurationList section */
	};
	rootObject = 03EC33AC194289200074BFFA /* Project object */;
}
